
Microsoft Visual Studio Solution File, Format Version 12.00
# Visual Studio 15
VisualStudioVersion = 15.0.28307.1082
MinimumVisualStudioVersion = 10.0.40219.1
Project("{8BC9CEB8-8B4A-11D0-8D11-00A0C91BC942}") = "Hello", "Hello\Hello.vcxproj", "{A8DE2B46-3CD2-4C7F-ACE1-47E21BC6BBF4}"
EndProject
Project("{8BC9CEB8-8B4A-11D0-8D11-00A0C91BC942}") = "HomeWork", "HomeWork\HomeWork.vcxproj", "{A8B33B89-C8E1-4E8F-83B8-796F9C201197}"
EndProject
Global
	GlobalSection(SolutionConfigurationPlatforms) = preSolution
		Debug|x64 = Debug|x64
		Debug|x86 = Debug|x86
		Release|x64 = Release|x64
		Release|x86 = Release|x86
	EndGlobalSection
	GlobalSection(ProjectConfigurationPlatforms) = postSolution
		{A8DE2B46-3CD2-4C7F-ACE1-47E21BC6BBF4}.Debug|x64.ActiveCfg = Debug|x64
		{A8DE2B46-3CD2-4C7F-ACE1-47E21BC6BBF4}.Debug|x64.Build.0 = Debug|x64
		{A8DE2B46-3CD2-4C7F-ACE1-47E21BC6BBF4}.Debug|x86.ActiveCfg = Debug|Win32
		{A8DE2B46-3CD2-4C7F-ACE1-47E21BC6BBF4}.Debug|x86.Build.0 = Debug|Win32
		{A8DE2B46-3CD2-4C7F-ACE1-47E21BC6BBF4}.Release|x64.ActiveCfg = Release|x64
		{A8DE2B46-3CD2-4C7F-ACE1-47E21BC6BBF4}.Release|x64.Build.0 = Release|x64
		{A8DE2B46-3CD2-4C7F-ACE1-47E21BC6BBF4}.Release|x86.ActiveCfg = Release|Win32
		{A8DE2B46-3CD2-4C7F-ACE1-47E21BC6BBF4}.Release|x86.Build.0 = Release|Win32
		{A8B33B89-C8E1-4E8F-83B8-796F9C201197}.Debug|x64.ActiveCfg = Debug|x64
		{A8B33B89-C8E1-4E8F-83B8-796F9C201197}.Debug|x64.Build.0 = Debug|x64
		{A8B33B89-C8E1-4E8F-83B8-796F9C201197}.Debug|x86.ActiveCfg = Debug|Win32
		{A8B33B89-C8E1-4E8F-83B8-796F9C201197}.Debug|x86.Build.0 = Debug|Win32
		{A8B33B89-C8E1-4E8F-83B8-796F9C201197}.Release|x64.ActiveCfg = Release|x64
		{A8B33B89-C8E1-4E8F-83B8-796F9C201197}.Release|x64.Build.0 = Release|x64
		{A8B33B89-C8E1-4E8F-83B8-796F9C201197}.Release|x86.ActiveCfg = Release|Win32
		{A8B33B89-C8E1-4E8F-83B8-796F9C201197}.Release|x86.Build.0 = Release|Win32
	EndGlobalSection
	GlobalSection(SolutionProperties) = preSolution
		HideSolutionNode = FALSE
	EndGlobalSection
	GlobalSection(ExtensibilityGlobals) = postSolution
		SolutionGuid = {2A4D1C04-9DF1-4414-9407-AABF51E2D61A}
	EndGlobalSection
EndGlobal
