
Microsoft Visual Studio Solution File, Format Version 12.00
# Visual Studio 15
VisualStudioVersion = 15.0.28307.1082
MinimumVisualStudioVersion = 10.0.40219.1
Project("{8BC9CEB8-8B4A-11D0-8D11-00A0C91BC942}") = "Arrays", "Arrays\Arrays.vcxproj", "{ED5EC4BC-E307-46FC-948C-AEB2E46B90F5}"
EndProject
Project("{8BC9CEB8-8B4A-11D0-8D11-00A0C91BC942}") = "Shift", "Shift\Shift.vcxproj", "{ED077540-3E3D-4599-8267-D9F1206F3FA5}"
EndProject
Project("{8BC9CEB8-8B4A-11D0-8D11-00A0C91BC942}") = "Random", "Random\Random.vcxproj", "{7227631D-0714-44A1-8FCF-C5D7E54D1D1A}"
EndProject
Global
	GlobalSection(SolutionConfigurationPlatforms) = preSolution
		Debug|x64 = Debug|x64
		Debug|x86 = Debug|x86
		Release|x64 = Release|x64
		Release|x86 = Release|x86
	EndGlobalSection
	GlobalSection(ProjectConfigurationPlatforms) = postSolution
		{ED5EC4BC-E307-46FC-948C-AEB2E46B90F5}.Debug|x64.ActiveCfg = Debug|x64
		{ED5EC4BC-E307-46FC-948C-AEB2E46B90F5}.Debug|x64.Build.0 = Debug|x64
		{ED5EC4BC-E307-46FC-948C-AEB2E46B90F5}.Debug|x86.ActiveCfg = Debug|Win32
		{ED5EC4BC-E307-46FC-948C-AEB2E46B90F5}.Debug|x86.Build.0 = Debug|Win32
		{ED5EC4BC-E307-46FC-948C-AEB2E46B90F5}.Release|x64.ActiveCfg = Release|x64
		{ED5EC4BC-E307-46FC-948C-AEB2E46B90F5}.Release|x64.Build.0 = Release|x64
		{ED5EC4BC-E307-46FC-948C-AEB2E46B90F5}.Release|x86.ActiveCfg = Release|Win32
		{ED5EC4BC-E307-46FC-948C-AEB2E46B90F5}.Release|x86.Build.0 = Release|Win32
		{ED077540-3E3D-4599-8267-D9F1206F3FA5}.Debug|x64.ActiveCfg = Debug|x64
		{ED077540-3E3D-4599-8267-D9F1206F3FA5}.Debug|x64.Build.0 = Debug|x64
		{ED077540-3E3D-4599-8267-D9F1206F3FA5}.Debug|x86.ActiveCfg = Debug|Win32
		{ED077540-3E3D-4599-8267-D9F1206F3FA5}.Debug|x86.Build.0 = Debug|Win32
		{ED077540-3E3D-4599-8267-D9F1206F3FA5}.Release|x64.ActiveCfg = Release|x64
		{ED077540-3E3D-4599-8267-D9F1206F3FA5}.Release|x64.Build.0 = Release|x64
		{ED077540-3E3D-4599-8267-D9F1206F3FA5}.Release|x86.ActiveCfg = Release|Win32
		{ED077540-3E3D-4599-8267-D9F1206F3FA5}.Release|x86.Build.0 = Release|Win32
		{7227631D-0714-44A1-8FCF-C5D7E54D1D1A}.Debug|x64.ActiveCfg = Debug|x64
		{7227631D-0714-44A1-8FCF-C5D7E54D1D1A}.Debug|x64.Build.0 = Debug|x64
		{7227631D-0714-44A1-8FCF-C5D7E54D1D1A}.Debug|x86.ActiveCfg = Debug|Win32
		{7227631D-0714-44A1-8FCF-C5D7E54D1D1A}.Debug|x86.Build.0 = Debug|Win32
		{7227631D-0714-44A1-8FCF-C5D7E54D1D1A}.Release|x64.ActiveCfg = Release|x64
		{7227631D-0714-44A1-8FCF-C5D7E54D1D1A}.Release|x64.Build.0 = Release|x64
		{7227631D-0714-44A1-8FCF-C5D7E54D1D1A}.Release|x86.ActiveCfg = Release|Win32
		{7227631D-0714-44A1-8FCF-C5D7E54D1D1A}.Release|x86.Build.0 = Release|Win32
	EndGlobalSection
	GlobalSection(SolutionProperties) = preSolution
		HideSolutionNode = FALSE
	EndGlobalSection
	GlobalSection(ExtensibilityGlobals) = postSolution
		SolutionGuid = {F27A3398-3908-4AA9-A852-F2D8659400AB}
	EndGlobalSection
EndGlobal
