
Microsoft Visual Studio Solution File, Format Version 12.00
# Visual Studio 15
VisualStudioVersion = 15.0.28307.1082
MinimumVisualStudioVersion = 10.0.40219.1
Project("{8BC9CEB8-8B4A-11D0-8D11-00A0C91BC942}") = "ControlStructures", "ControlStructures\ControlStructures.vcxproj", "{19B394A2-2D3F-4898-A044-21764D8167EE}"
EndProject
Project("{8BC9CEB8-8B4A-11D0-8D11-00A0C91BC942}") = "Calc", "Calc\Calc.vcxproj", "{A0427BF4-D9F3-4DEB-A55D-9E57F7CFA4C8}"
EndProject
Project("{8BC9CEB8-8B4A-11D0-8D11-00A0C91BC942}") = "Loops", "Loops\Loops.vcxproj", "{B551E15C-740A-4EAB-9860-85E516C2CDB5}"
EndProject
Project("{8BC9CEB8-8B4A-11D0-8D11-00A0C91BC942}") = "HomeWork", "HomeWork\HomeWork.vcxproj", "{306EFD89-9FA4-405A-ABF1-CC6DE97B1E41}"
EndProject
Project("{8BC9CEB8-8B4A-11D0-8D11-00A0C91BC942}") = "Palindrome", "Palindrome\Palindrome.vcxproj", "{6F50EC73-58B9-4477-96EE-FB144BB46D9E}"
EndProject
Project("{8BC9CEB8-8B4A-11D0-8D11-00A0C91BC942}") = "Shooter", "Shooter\Shooter.vcxproj", "{248AC46E-3693-4D99-9105-C475F1DD390B}"
EndProject
Project("{8BC9CEB8-8B4A-11D0-8D11-00A0C91BC942}") = "FOR", "FOR\FOR.vcxproj", "{0F03D074-752D-40AE-A335-49C9F8C89135}"
EndProject
Project("{8BC9CEB8-8B4A-11D0-8D11-00A0C91BC942}") = "Geometry", "Geometry\Geometry.vcxproj", "{B48C8FEA-A7BA-45FF-867B-4DF5D8DAAE26}"
EndProject
Global
	GlobalSection(SolutionConfigurationPlatforms) = preSolution
		Debug|x64 = Debug|x64
		Debug|x86 = Debug|x86
		Release|x64 = Release|x64
		Release|x86 = Release|x86
	EndGlobalSection
	GlobalSection(ProjectConfigurationPlatforms) = postSolution
		{19B394A2-2D3F-4898-A044-21764D8167EE}.Debug|x64.ActiveCfg = Debug|x64
		{19B394A2-2D3F-4898-A044-21764D8167EE}.Debug|x64.Build.0 = Debug|x64
		{19B394A2-2D3F-4898-A044-21764D8167EE}.Debug|x86.ActiveCfg = Debug|Win32
		{19B394A2-2D3F-4898-A044-21764D8167EE}.Debug|x86.Build.0 = Debug|Win32
		{19B394A2-2D3F-4898-A044-21764D8167EE}.Release|x64.ActiveCfg = Release|x64
		{19B394A2-2D3F-4898-A044-21764D8167EE}.Release|x64.Build.0 = Release|x64
		{19B394A2-2D3F-4898-A044-21764D8167EE}.Release|x86.ActiveCfg = Release|Win32
		{19B394A2-2D3F-4898-A044-21764D8167EE}.Release|x86.Build.0 = Release|Win32
		{A0427BF4-D9F3-4DEB-A55D-9E57F7CFA4C8}.Debug|x64.ActiveCfg = Debug|x64
		{A0427BF4-D9F3-4DEB-A55D-9E57F7CFA4C8}.Debug|x64.Build.0 = Debug|x64
		{A0427BF4-D9F3-4DEB-A55D-9E57F7CFA4C8}.Debug|x86.ActiveCfg = Debug|Win32
		{A0427BF4-D9F3-4DEB-A55D-9E57F7CFA4C8}.Debug|x86.Build.0 = Debug|Win32
		{A0427BF4-D9F3-4DEB-A55D-9E57F7CFA4C8}.Release|x64.ActiveCfg = Release|x64
		{A0427BF4-D9F3-4DEB-A55D-9E57F7CFA4C8}.Release|x64.Build.0 = Release|x64
		{A0427BF4-D9F3-4DEB-A55D-9E57F7CFA4C8}.Release|x86.ActiveCfg = Release|Win32
		{A0427BF4-D9F3-4DEB-A55D-9E57F7CFA4C8}.Release|x86.Build.0 = Release|Win32
		{B551E15C-740A-4EAB-9860-85E516C2CDB5}.Debug|x64.ActiveCfg = Debug|x64
		{B551E15C-740A-4EAB-9860-85E516C2CDB5}.Debug|x64.Build.0 = Debug|x64
		{B551E15C-740A-4EAB-9860-85E516C2CDB5}.Debug|x86.ActiveCfg = Debug|Win32
		{B551E15C-740A-4EAB-9860-85E516C2CDB5}.Debug|x86.Build.0 = Debug|Win32
		{B551E15C-740A-4EAB-9860-85E516C2CDB5}.Release|x64.ActiveCfg = Release|x64
		{B551E15C-740A-4EAB-9860-85E516C2CDB5}.Release|x64.Build.0 = Release|x64
		{B551E15C-740A-4EAB-9860-85E516C2CDB5}.Release|x86.ActiveCfg = Release|Win32
		{B551E15C-740A-4EAB-9860-85E516C2CDB5}.Release|x86.Build.0 = Release|Win32
		{306EFD89-9FA4-405A-ABF1-CC6DE97B1E41}.Debug|x64.ActiveCfg = Debug|x64
		{306EFD89-9FA4-405A-ABF1-CC6DE97B1E41}.Debug|x64.Build.0 = Debug|x64
		{306EFD89-9FA4-405A-ABF1-CC6DE97B1E41}.Debug|x86.ActiveCfg = Debug|Win32
		{306EFD89-9FA4-405A-ABF1-CC6DE97B1E41}.Debug|x86.Build.0 = Debug|Win32
		{306EFD89-9FA4-405A-ABF1-CC6DE97B1E41}.Release|x64.ActiveCfg = Release|x64
		{306EFD89-9FA4-405A-ABF1-CC6DE97B1E41}.Release|x64.Build.0 = Release|x64
		{306EFD89-9FA4-405A-ABF1-CC6DE97B1E41}.Release|x86.ActiveCfg = Release|Win32
		{306EFD89-9FA4-405A-ABF1-CC6DE97B1E41}.Release|x86.Build.0 = Release|Win32
		{6F50EC73-58B9-4477-96EE-FB144BB46D9E}.Debug|x64.ActiveCfg = Debug|x64
		{6F50EC73-58B9-4477-96EE-FB144BB46D9E}.Debug|x64.Build.0 = Debug|x64
		{6F50EC73-58B9-4477-96EE-FB144BB46D9E}.Debug|x86.ActiveCfg = Debug|Win32
		{6F50EC73-58B9-4477-96EE-FB144BB46D9E}.Debug|x86.Build.0 = Debug|Win32
		{6F50EC73-58B9-4477-96EE-FB144BB46D9E}.Release|x64.ActiveCfg = Release|x64
		{6F50EC73-58B9-4477-96EE-FB144BB46D9E}.Release|x64.Build.0 = Release|x64
		{6F50EC73-58B9-4477-96EE-FB144BB46D9E}.Release|x86.ActiveCfg = Release|Win32
		{6F50EC73-58B9-4477-96EE-FB144BB46D9E}.Release|x86.Build.0 = Release|Win32
		{248AC46E-3693-4D99-9105-C475F1DD390B}.Debug|x64.ActiveCfg = Debug|x64
		{248AC46E-3693-4D99-9105-C475F1DD390B}.Debug|x64.Build.0 = Debug|x64
		{248AC46E-3693-4D99-9105-C475F1DD390B}.Debug|x86.ActiveCfg = Debug|Win32
		{248AC46E-3693-4D99-9105-C475F1DD390B}.Debug|x86.Build.0 = Debug|Win32
		{248AC46E-3693-4D99-9105-C475F1DD390B}.Release|x64.ActiveCfg = Release|x64
		{248AC46E-3693-4D99-9105-C475F1DD390B}.Release|x64.Build.0 = Release|x64
		{248AC46E-3693-4D99-9105-C475F1DD390B}.Release|x86.ActiveCfg = Release|Win32
		{248AC46E-3693-4D99-9105-C475F1DD390B}.Release|x86.Build.0 = Release|Win32
		{0F03D074-752D-40AE-A335-49C9F8C89135}.Debug|x64.ActiveCfg = Debug|x64
		{0F03D074-752D-40AE-A335-49C9F8C89135}.Debug|x64.Build.0 = Debug|x64
		{0F03D074-752D-40AE-A335-49C9F8C89135}.Debug|x86.ActiveCfg = Debug|Win32
		{0F03D074-752D-40AE-A335-49C9F8C89135}.Debug|x86.Build.0 = Debug|Win32
		{0F03D074-752D-40AE-A335-49C9F8C89135}.Release|x64.ActiveCfg = Release|x64
		{0F03D074-752D-40AE-A335-49C9F8C89135}.Release|x64.Build.0 = Release|x64
		{0F03D074-752D-40AE-A335-49C9F8C89135}.Release|x86.ActiveCfg = Release|Win32
		{0F03D074-752D-40AE-A335-49C9F8C89135}.Release|x86.Build.0 = Release|Win32
		{B48C8FEA-A7BA-45FF-867B-4DF5D8DAAE26}.Debug|x64.ActiveCfg = Debug|x64
		{B48C8FEA-A7BA-45FF-867B-4DF5D8DAAE26}.Debug|x64.Build.0 = Debug|x64
		{B48C8FEA-A7BA-45FF-867B-4DF5D8DAAE26}.Debug|x86.ActiveCfg = Debug|Win32
		{B48C8FEA-A7BA-45FF-867B-4DF5D8DAAE26}.Debug|x86.Build.0 = Debug|Win32
		{B48C8FEA-A7BA-45FF-867B-4DF5D8DAAE26}.Release|x64.ActiveCfg = Release|x64
		{B48C8FEA-A7BA-45FF-867B-4DF5D8DAAE26}.Release|x64.Build.0 = Release|x64
		{B48C8FEA-A7BA-45FF-867B-4DF5D8DAAE26}.Release|x86.ActiveCfg = Release|Win32
		{B48C8FEA-A7BA-45FF-867B-4DF5D8DAAE26}.Release|x86.Build.0 = Release|Win32
	EndGlobalSection
	GlobalSection(SolutionProperties) = preSolution
		HideSolutionNode = FALSE
	EndGlobalSection
	GlobalSection(ExtensibilityGlobals) = postSolution
		SolutionGuid = {4679C631-39FD-47AE-9A76-75AFBDA88EB5}
	EndGlobalSection
EndGlobal
