
Microsoft Visual Studio Solution File, Format Version 12.00
# Visual Studio 15
VisualStudioVersion = 15.0.28307.1082
MinimumVisualStudioVersion = 10.0.40219.1
Project("{8BC9CEB8-8B4A-11D0-8D11-00A0C91BC942}") = "Pointer", "Pointer\Pointer.vcxproj", "{1722D129-60EE-4DE7-BDDB-C63C61F66172}"
EndProject
Project("{8BC9CEB8-8B4A-11D0-8D11-00A0C91BC942}") = "TransferParameters", "TransferParameters\TransferParameters.vcxproj", "{000F3C76-2607-4C8E-9B85-24F7546B99CF}"
EndProject
Project("{8BC9CEB8-8B4A-11D0-8D11-00A0C91BC942}") = "References", "References\References.vcxproj", "{DB2FB26C-B082-4755-8B9E-619443AD3217}"
EndProject
Project("{8BC9CEB8-8B4A-11D0-8D11-00A0C91BC942}") = "DynamicMemory", "DynamicMemory\DynamicMemory.vcxproj", "{D1C5C7E4-6C71-4D1A-9F6E-5457C77BB485}"
EndProject
Project("{8BC9CEB8-8B4A-11D0-8D11-00A0C91BC942}") = "Split", "Split\Split.vcxproj", "{A1FB639B-7761-409D-881C-5A83B0BB2CA1}"
EndProject
Global
	GlobalSection(SolutionConfigurationPlatforms) = preSolution
		Debug|x64 = Debug|x64
		Debug|x86 = Debug|x86
		Release|x64 = Release|x64
		Release|x86 = Release|x86
	EndGlobalSection
	GlobalSection(ProjectConfigurationPlatforms) = postSolution
		{1722D129-60EE-4DE7-BDDB-C63C61F66172}.Debug|x64.ActiveCfg = Debug|x64
		{1722D129-60EE-4DE7-BDDB-C63C61F66172}.Debug|x64.Build.0 = Debug|x64
		{1722D129-60EE-4DE7-BDDB-C63C61F66172}.Debug|x86.ActiveCfg = Debug|Win32
		{1722D129-60EE-4DE7-BDDB-C63C61F66172}.Debug|x86.Build.0 = Debug|Win32
		{1722D129-60EE-4DE7-BDDB-C63C61F66172}.Release|x64.ActiveCfg = Release|x64
		{1722D129-60EE-4DE7-BDDB-C63C61F66172}.Release|x64.Build.0 = Release|x64
		{1722D129-60EE-4DE7-BDDB-C63C61F66172}.Release|x86.ActiveCfg = Release|Win32
		{1722D129-60EE-4DE7-BDDB-C63C61F66172}.Release|x86.Build.0 = Release|Win32
		{000F3C76-2607-4C8E-9B85-24F7546B99CF}.Debug|x64.ActiveCfg = Debug|x64
		{000F3C76-2607-4C8E-9B85-24F7546B99CF}.Debug|x64.Build.0 = Debug|x64
		{000F3C76-2607-4C8E-9B85-24F7546B99CF}.Debug|x86.ActiveCfg = Debug|Win32
		{000F3C76-2607-4C8E-9B85-24F7546B99CF}.Debug|x86.Build.0 = Debug|Win32
		{000F3C76-2607-4C8E-9B85-24F7546B99CF}.Release|x64.ActiveCfg = Release|x64
		{000F3C76-2607-4C8E-9B85-24F7546B99CF}.Release|x64.Build.0 = Release|x64
		{000F3C76-2607-4C8E-9B85-24F7546B99CF}.Release|x86.ActiveCfg = Release|Win32
		{000F3C76-2607-4C8E-9B85-24F7546B99CF}.Release|x86.Build.0 = Release|Win32
		{DB2FB26C-B082-4755-8B9E-619443AD3217}.Debug|x64.ActiveCfg = Debug|x64
		{DB2FB26C-B082-4755-8B9E-619443AD3217}.Debug|x64.Build.0 = Debug|x64
		{DB2FB26C-B082-4755-8B9E-619443AD3217}.Debug|x86.ActiveCfg = Debug|Win32
		{DB2FB26C-B082-4755-8B9E-619443AD3217}.Debug|x86.Build.0 = Debug|Win32
		{DB2FB26C-B082-4755-8B9E-619443AD3217}.Release|x64.ActiveCfg = Release|x64
		{DB2FB26C-B082-4755-8B9E-619443AD3217}.Release|x64.Build.0 = Release|x64
		{DB2FB26C-B082-4755-8B9E-619443AD3217}.Release|x86.ActiveCfg = Release|Win32
		{DB2FB26C-B082-4755-8B9E-619443AD3217}.Release|x86.Build.0 = Release|Win32
		{D1C5C7E4-6C71-4D1A-9F6E-5457C77BB485}.Debug|x64.ActiveCfg = Debug|x64
		{D1C5C7E4-6C71-4D1A-9F6E-5457C77BB485}.Debug|x64.Build.0 = Debug|x64
		{D1C5C7E4-6C71-4D1A-9F6E-5457C77BB485}.Debug|x86.ActiveCfg = Debug|Win32
		{D1C5C7E4-6C71-4D1A-9F6E-5457C77BB485}.Debug|x86.Build.0 = Debug|Win32
		{D1C5C7E4-6C71-4D1A-9F6E-5457C77BB485}.Release|x64.ActiveCfg = Release|x64
		{D1C5C7E4-6C71-4D1A-9F6E-5457C77BB485}.Release|x64.Build.0 = Release|x64
		{D1C5C7E4-6C71-4D1A-9F6E-5457C77BB485}.Release|x86.ActiveCfg = Release|Win32
		{D1C5C7E4-6C71-4D1A-9F6E-5457C77BB485}.Release|x86.Build.0 = Release|Win32
		{A1FB639B-7761-409D-881C-5A83B0BB2CA1}.Debug|x64.ActiveCfg = Debug|x64
		{A1FB639B-7761-409D-881C-5A83B0BB2CA1}.Debug|x64.Build.0 = Debug|x64
		{A1FB639B-7761-409D-881C-5A83B0BB2CA1}.Debug|x86.ActiveCfg = Debug|Win32
		{A1FB639B-7761-409D-881C-5A83B0BB2CA1}.Debug|x86.Build.0 = Debug|Win32
		{A1FB639B-7761-409D-881C-5A83B0BB2CA1}.Release|x64.ActiveCfg = Release|x64
		{A1FB639B-7761-409D-881C-5A83B0BB2CA1}.Release|x64.Build.0 = Release|x64
		{A1FB639B-7761-409D-881C-5A83B0BB2CA1}.Release|x86.ActiveCfg = Release|Win32
		{A1FB639B-7761-409D-881C-5A83B0BB2CA1}.Release|x86.Build.0 = Release|Win32
	EndGlobalSection
	GlobalSection(SolutionProperties) = preSolution
		HideSolutionNode = FALSE
	EndGlobalSection
	GlobalSection(ExtensibilityGlobals) = postSolution
		SolutionGuid = {8A865DFB-9D48-4D24-B5FE-AB1F3D483E96}
	EndGlobalSection
EndGlobal
